
Microsoft Visual Studio Solution File, Format Version 12.00
# Visual Studio Version 17
VisualStudioVersion = 17.13.35806.99 d17.13
MinimumVisualStudioVersion = 10.0.40219.1
Project("{FAE04EC0-301F-11D3-BF4B-00C04F79EFBC}") = "Practica.DataFirst", "Practica.DataFirst\Practica.DataFirst.csproj", "{33B64E77-D1CE-4698-ACA3-21A3CF061DC2}"
EndProject
Project("{FAE04EC0-301F-11D3-BF4B-00C04F79EFBC}") = "Practica.CodeFirst", "Practica.CodeFirst\Practica.CodeFirst.csproj", "{1369B0D7-51DD-4DF1-AB35-12594D0E76E3}"
EndProject
Global
	GlobalSection(SolutionConfigurationPlatforms) = preSolution
		Debug|Any CPU = Debug|Any CPU
		Release|Any CPU = Release|Any CPU
	EndGlobalSection
	GlobalSection(ProjectConfigurationPlatforms) = postSolution
		{33B64E77-D1CE-4698-ACA3-21A3CF061DC2}.Debug|Any CPU.ActiveCfg = Debug|Any CPU
		{33B64E77-D1CE-4698-ACA3-21A3CF061DC2}.Debug|Any CPU.Build.0 = Debug|Any CPU
		{33B64E77-D1CE-4698-ACA3-21A3CF061DC2}.Release|Any CPU.ActiveCfg = Release|Any CPU
		{33B64E77-D1CE-4698-ACA3-21A3CF061DC2}.Release|Any CPU.Build.0 = Release|Any CPU
		{1369B0D7-51DD-4DF1-AB35-12594D0E76E3}.Debug|Any CPU.ActiveCfg = Debug|Any CPU
		{1369B0D7-51DD-4DF1-AB35-12594D0E76E3}.Debug|Any CPU.Build.0 = Debug|Any CPU
		{1369B0D7-51DD-4DF1-AB35-12594D0E76E3}.Release|Any CPU.ActiveCfg = Release|Any CPU
		{1369B0D7-51DD-4DF1-AB35-12594D0E76E3}.Release|Any CPU.Build.0 = Release|Any CPU
	EndGlobalSection
	GlobalSection(SolutionProperties) = preSolution
		HideSolutionNode = FALSE
	EndGlobalSection
	GlobalSection(ExtensibilityGlobals) = postSolution
		SolutionGuid = {0DE20F84-A2C7-4465-891C-71B55AFB2810}
	EndGlobalSection
EndGlobal
